{
  "version": 4,
  "terraform_version": "1.5.6",
  "serial": 146,
  "lineage": "d06e5947-7749-f477-28a3-c146a1d37154",
  "outputs": {},
  "resources": [
    {
      "module": "module.artifact_registry",
      "mode": "managed",
      "type": "google_artifact_registry_repository",
      "name": "artifact_repository_service",
      "provider": "provider[\"registry.terraform.io/hashicorp/google\"]",
      "instances": [
        {
          "schema_version": 0,
          "attributes": {
            "cleanup_policies": [],
            "cleanup_policy_dry_run": false,
            "create_time": "2024-12-13T12:56:29.126299Z",
            "description": "Artifact Registry for Docker images",
            "docker_config": [],
            "effective_labels": {
              "goog-terraform-provisioned": "true"
            },
            "format": "DOCKER",
            "id": "projects/modified-link-444013-i9/locations/europe-central2/repositories/my-artifact-repository",
            "kms_key_name": "",
            "labels": {},
            "location": "europe-central2",
            "maven_config": [],
            "mode": "STANDARD_REPOSITORY",
            "name": "my-artifact-repository",
            "project": "modified-link-444013-i9",
            "remote_repository_config": [],
            "repository_id": "my-artifact-repository",
            "terraform_labels": {
              "goog-terraform-provisioned": "true"
            },
            "timeouts": null,
            "update_time": "2024-12-13T12:58:01.890965Z",
            "virtual_repository_config": []
          },
          "sensitive_attributes": [],
          "private": "eyJlMmJmYjczMC1lY2FhLTExZTYtOGY4OC0zNDM2M2JjN2M0YzAiOnsiY3JlYXRlIjoxMjAwMDAwMDAwMDAwLCJkZWxldGUiOjEyMDAwMDAwMDAwMDAsInVwZGF0ZSI6MTIwMDAwMDAwMDAwMH19"
        }
      ]
    },
    {
      "module": "module.cloud_run_service",
      "mode": "managed",
      "type": "google_cloud_run_service",
      "name": "cloud_run_service",
      "provider": "provider[\"registry.terraform.io/hashicorp/google\"]",
      "instances": [
        {
          "schema_version": 2,
          "attributes": {
            "autogenerate_revision_name": false,
            "id": "locations/europe-central2/namespaces/modified-link-444013-i9/services/my-cloud-run-service",
            "location": "europe-central2",
            "metadata": [
              {
                "annotations": {},
                "effective_annotations": {
                  "run.googleapis.com/client-name": "cloud-console",
                  "run.googleapis.com/ingress": "internal-and-cloud-load-balancing",
                  "run.googleapis.com/ingress-status": "internal-and-cloud-load-balancing",
                  "run.googleapis.com/operation-id": "c03215b7-4366-4790-82bc-8e37c2998d17",
                  "run.googleapis.com/urls": "[\"https://my-cloud-run-service-983609425815.europe-central2.run.app\",\"https://my-cloud-run-service-mixrfpaudq-lm.a.run.app\"]",
                  "serving.knative.dev/creator": "terraform-deployer@modified-link-444013-i9.iam.gserviceaccount.com",
                  "serving.knative.dev/lastModifier": "rogowski@student.agh.edu.pl"
                },
                "effective_labels": {
                  "cloud.googleapis.com/location": "europe-central2"
                },
                "generation": 10,
                "labels": {},
                "namespace": "modified-link-444013-i9",
                "resource_version": "AAYpJ2Fh8yI",
                "self_link": "/apis/serving.knative.dev/v1/namespaces/983609425815/services/my-cloud-run-service",
                "terraform_labels": {},
                "uid": "a703c30f-6a96-4da3-82f2-ef20cdd6d802"
              }
            ],
            "name": "my-cloud-run-service",
            "project": "modified-link-444013-i9",
            "status": [
              {
                "conditions": [
                  {
                    "message": "",
                    "reason": "",
                    "status": "True",
                    "type": "Ready"
                  },
                  {
                    "message": "",
                    "reason": "",
                    "status": "True",
                    "type": "ConfigurationsReady"
                  },
                  {
                    "message": "",
                    "reason": "",
                    "status": "True",
                    "type": "RoutesReady"
                  }
                ],
                "latest_created_revision_name": "my-cloud-run-service-00001-gtf",
                "latest_ready_revision_name": "my-cloud-run-service-00001-gtf",
                "observed_generation": 10,
                "traffic": [
                  {
                    "latest_revision": true,
                    "percent": 100,
                    "revision_name": "my-cloud-run-service-00001-gtf",
                    "tag": "",
                    "url": ""
                  }
                ],
                "url": "https://my-cloud-run-service-mixrfpaudq-lm.a.run.app"
              }
            ],
            "template": [
              {
                "metadata": [
                  {
                    "annotations": {
                      "autoscaling.knative.dev/maxScale": "100"
                    },
                    "generation": 0,
                    "labels": {
                      "run.googleapis.com/startupProbeType": "Default"
                    },
                    "name": "",
                    "namespace": "",
                    "resource_version": "",
                    "self_link": "",
                    "uid": ""
                  }
                ],
                "spec": [
                  {
                    "container_concurrency": 80,
                    "containers": [
                      {
                        "args": [],
                        "command": [],
                        "env": [],
                        "env_from": [],
                        "image": "europe-central2-docker.pkg.dev/modified-link-444013-i9/my-artifact-repository/time-service:1.0.0",
                        "liveness_probe": [],
                        "name": "",
                        "ports": [
                          {
                            "container_port": 8081,
                            "name": "http1",
                            "protocol": ""
                          }
                        ],
                        "resources": [
                          {
                            "limits": {
                              "cpu": "1",
                              "memory": "512Mi"
                            },
                            "requests": {}
                          }
                        ],
                        "startup_probe": [
                          {
                            "failure_threshold": 1,
                            "grpc": [],
                            "http_get": [],
                            "initial_delay_seconds": 0,
                            "period_seconds": 240,
                            "tcp_socket": [
                              {
                                "port": 8081
                              }
                            ],
                            "timeout_seconds": 240
                          }
                        ],
                        "volume_mounts": [],
                        "working_dir": ""
                      }
                    ],
                    "service_account_name": "terraform-deployer@modified-link-444013-i9.iam.gserviceaccount.com",
                    "serving_state": "",
                    "timeout_seconds": 300,
                    "volumes": []
                  }
                ]
              }
            ],
            "timeouts": null,
            "traffic": [
              {
                "latest_revision": true,
                "percent": 100,
                "revision_name": "",
                "tag": "",
                "url": ""
              }
            ]
          },
          "sensitive_attributes": [],
          "private": "eyJlMmJmYjczMC1lY2FhLTExZTYtOGY4OC0zNDM2M2JjN2M0YzAiOnsiY3JlYXRlIjoxMjAwMDAwMDAwMDAwLCJkZWxldGUiOjEyMDAwMDAwMDAwMDAsInVwZGF0ZSI6MTIwMDAwMDAwMDAwMH0sInNjaGVtYV92ZXJzaW9uIjoiMiJ9"
        }
      ]
    },
    {
      "module": "module.gce",
      "mode": "managed",
      "type": "google_compute_instance",
      "name": "dos_test_instance",
      "provider": "provider[\"registry.terraform.io/hashicorp/google\"]",
      "instances": [
        {
          "schema_version": 6,
          "attributes": {
            "advanced_machine_features": [],
            "allow_stopping_for_update": null,
            "attached_disk": [],
            "boot_disk": [
              {
                "auto_delete": true,
                "device_name": "persistent-disk-0",
                "disk_encryption_key_raw": "",
                "disk_encryption_key_sha256": "",
                "initialize_params": [
                  {
                    "enable_confidential_compute": false,
                    "image": "https://www.googleapis.com/compute/v1/projects/debian-cloud/global/images/debian-11-bullseye-v20241210",
                    "labels": {},
                    "provisioned_iops": 0,
                    "provisioned_throughput": 0,
                    "resource_manager_tags": null,
                    "resource_policies": [],
                    "size": 10,
                    "storage_pool": "",
                    "type": "pd-standard"
                  }
                ],
                "interface": "",
                "kms_key_self_link": "",
                "mode": "READ_WRITE",
                "source": "https://www.googleapis.com/compute/v1/projects/modified-link-444013-i9/zones/europe-central2-b/disks/dos-test-instance"
              }
            ],
            "can_ip_forward": false,
            "confidential_instance_config": [],
            "cpu_platform": "Intel Broadwell",
            "creation_timestamp": "2024-12-13T08:48:55.211-08:00",
            "current_status": "RUNNING",
            "deletion_protection": false,
            "description": "",
            "desired_status": null,
            "effective_labels": {
              "goog-terraform-provisioned": "true"
            },
            "enable_display": false,
            "guest_accelerator": [],
            "hostname": "",
            "id": "projects/modified-link-444013-i9/zones/europe-central2-b/instances/dos-test-instance",
            "instance_id": "9115435839628893083",
            "key_revocation_action_type": "",
            "label_fingerprint": "vezUS-42LLM=",
            "labels": null,
            "machine_type": "e2-micro",
            "metadata": null,
            "metadata_fingerprint": "tLET2krckVE=",
            "metadata_startup_script": "#!/bin/bash\r\napt-get update\r\napt-get install -y hping3 curl\r\necho \"Machine ready for DoS testing. Use hping3 to test.\"\r\n",
            "min_cpu_platform": "",
            "name": "dos-test-instance",
            "network_interface": [
              {
                "access_config": [
                  {
                    "nat_ip": "34.118.81.60",
                    "network_tier": "PREMIUM",
                    "public_ptr_domain_name": ""
                  }
                ],
                "alias_ip_range": [],
                "internal_ipv6_prefix_length": 0,
                "ipv6_access_config": [],
                "ipv6_access_type": "",
                "ipv6_address": "",
                "name": "nic0",
                "network": "https://www.googleapis.com/compute/v1/projects/modified-link-444013-i9/global/networks/default",
                "network_ip": "10.186.0.2",
                "nic_type": "",
                "queue_count": 0,
                "stack_type": "IPV4_ONLY",
                "subnetwork": "https://www.googleapis.com/compute/v1/projects/modified-link-444013-i9/regions/europe-central2/subnetworks/default",
                "subnetwork_project": "modified-link-444013-i9"
              }
            ],
            "network_performance_config": [],
            "params": [],
            "project": "modified-link-444013-i9",
            "reservation_affinity": [],
            "resource_policies": null,
            "scheduling": [
              {
                "automatic_restart": true,
                "instance_termination_action": "",
                "local_ssd_recovery_timeout": [],
                "max_run_duration": [],
                "min_node_cpus": 0,
                "node_affinities": [],
                "on_host_maintenance": "MIGRATE",
                "on_instance_stop_action": [],
                "preemptible": false,
                "provisioning_model": "STANDARD"
              }
            ],
            "scratch_disk": [],
            "self_link": "https://www.googleapis.com/compute/v1/projects/modified-link-444013-i9/zones/europe-central2-b/instances/dos-test-instance",
            "service_account": [],
            "shielded_instance_config": [
              {
                "enable_integrity_monitoring": true,
                "enable_secure_boot": false,
                "enable_vtpm": true
              }
            ],
            "tags": [
              "dos-test"
            ],
            "tags_fingerprint": "2OfIDX7Tj2k=",
            "terraform_labels": {
              "goog-terraform-provisioned": "true"
            },
            "timeouts": null,
            "zone": "europe-central2-b"
          },
          "sensitive_attributes": [],
          "private": "eyJlMmJmYjczMC1lY2FhLTExZTYtOGY4OC0zNDM2M2JjN2M0YzAiOnsiY3JlYXRlIjoxMjAwMDAwMDAwMDAwLCJkZWxldGUiOjEyMDAwMDAwMDAwMDAsInVwZGF0ZSI6MTIwMDAwMDAwMDAwMH0sInNjaGVtYV92ZXJzaW9uIjoiNiJ9"
        }
      ]
    },
    {
      "module": "module.iam_member",
      "mode": "managed",
      "type": "google_cloud_run_service_iam_member",
      "name": "all_users",
      "provider": "provider[\"registry.terraform.io/hashicorp/google\"]",
      "instances": [
        {
          "schema_version": 0,
          "attributes": {
            "condition": [],
            "etag": "BwYpJmTHRVo=",
            "id": "v1/projects/modified-link-444013-i9/locations/europe-central2/services/my-cloud-run-service/roles/run.invoker/allUsers",
            "location": "europe-central2",
            "member": "allUsers",
            "project": "modified-link-444013-i9",
            "role": "roles/run.invoker",
            "service": "v1/projects/modified-link-444013-i9/locations/europe-central2/services/my-cloud-run-service"
          },
          "sensitive_attributes": [],
          "private": "bnVsbA=="
        }
      ]
    },
    {
      "module": "module.load_balancer_n_cloud_armor",
      "mode": "managed",
      "type": "google_compute_backend_service",
      "name": "backend",
      "provider": "provider[\"registry.terraform.io/hashicorp/google\"]",
      "instances": [
        {
          "schema_version": 1,
          "attributes": {
            "affinity_cookie_ttl_sec": 0,
            "backend": [
              {
                "balancing_mode": "UTILIZATION",
                "capacity_scaler": 1,
                "description": "",
                "group": "https://www.googleapis.com/compute/v1/projects/modified-link-444013-i9/regions/europe-central2/networkEndpointGroups/neg",
                "max_connections": 0,
                "max_connections_per_endpoint": 0,
                "max_connections_per_instance": 0,
                "max_rate": 0,
                "max_rate_per_endpoint": 0,
                "max_rate_per_instance": 0,
                "max_utilization": 0
              }
            ],
            "cdn_policy": [],
            "circuit_breakers": [],
            "compression_mode": "",
            "connection_draining_timeout_sec": 0,
            "consistent_hash": [],
            "creation_timestamp": "2024-12-13T05:04:19.097-08:00",
            "custom_request_headers": [],
            "custom_response_headers": [],
            "description": "Internal side for Cloud Run",
            "edge_security_policy": "",
            "enable_cdn": false,
            "fingerprint": "heX5dcQFoIs=",
            "generated_id": 4428724645280190012,
            "health_checks": [],
            "iap": [],
            "id": "projects/modified-link-444013-i9/global/backendServices/backend",
            "ip_address_selection_policy": "",
            "load_balancing_scheme": "EXTERNAL_MANAGED",
            "locality_lb_policies": [],
            "locality_lb_policy": "ROUND_ROBIN",
            "log_config": [],
            "name": "backend",
            "outlier_detection": [],
            "port_name": "http",
            "project": "modified-link-444013-i9",
            "protocol": "HTTPS",
            "security_policy": "https://www.googleapis.com/compute/v1/projects/modified-link-444013-i9/global/securityPolicies/default-security-policy-for-backend-service-backend",
            "security_settings": [],
            "self_link": "https://www.googleapis.com/compute/v1/projects/modified-link-444013-i9/global/backendServices/backend",
            "service_lb_policy": "",
            "session_affinity": "NONE",
            "strong_session_affinity_cookie": [],
            "timeout_sec": 30,
            "timeouts": null
          },
          "sensitive_attributes": [],
          "private": "eyJlMmJmYjczMC1lY2FhLTExZTYtOGY4OC0zNDM2M2JjN2M0YzAiOnsiY3JlYXRlIjoxMjAwMDAwMDAwMDAwLCJkZWxldGUiOjEyMDAwMDAwMDAwMDAsInVwZGF0ZSI6MTIwMDAwMDAwMDAwMH0sInNjaGVtYV92ZXJzaW9uIjoiMSJ9",
          "dependencies": [
            "module.load_balancer_n_cloud_armor.google_compute_region_network_endpoint_group.neg",
            "module.load_balancer_n_cloud_armor.google_compute_security_policy.default_security_policy"
          ]
        }
      ]
    },
    {
      "module": "module.load_balancer_n_cloud_armor",
      "mode": "managed",
      "type": "google_compute_global_address",
      "name": "lb_global_ip",
      "provider": "provider[\"registry.terraform.io/hashicorp/google\"]",
      "instances": [
        {
          "schema_version": 0,
          "attributes": {
            "address": "34.8.66.70",
            "address_type": "EXTERNAL",
            "creation_timestamp": "2024-12-13T06:04:03.574-08:00",
            "description": "",
            "effective_labels": {
              "goog-terraform-provisioned": "true"
            },
            "id": "projects/modified-link-444013-i9/global/addresses/global-load-balancer-ip",
            "ip_version": "",
            "label_fingerprint": "vezUS-42LLM=",
            "labels": {},
            "name": "global-load-balancer-ip",
            "network": "",
            "prefix_length": 0,
            "project": "modified-link-444013-i9",
            "purpose": "",
            "self_link": "https://www.googleapis.com/compute/v1/projects/modified-link-444013-i9/global/addresses/global-load-balancer-ip",
            "terraform_labels": {
              "goog-terraform-provisioned": "true"
            },
            "timeouts": null
          },
          "sensitive_attributes": [],
          "private": "eyJlMmJmYjczMC1lY2FhLTExZTYtOGY4OC0zNDM2M2JjN2M0YzAiOnsiY3JlYXRlIjoxMjAwMDAwMDAwMDAwLCJkZWxldGUiOjEyMDAwMDAwMDAwMDAsInVwZGF0ZSI6MTIwMDAwMDAwMDAwMH19"
        }
      ]
    },
    {
      "module": "module.load_balancer_n_cloud_armor",
      "mode": "managed",
      "type": "google_compute_global_forwarding_rule",
      "name": "frontend",
      "provider": "provider[\"registry.terraform.io/hashicorp/google\"]",
      "instances": [
        {
          "schema_version": 0,
          "attributes": {
            "base_forwarding_rule": "",
            "description": "",
            "effective_labels": {},
            "forwarding_rule_id": 8669567145668083727,
            "id": "projects/modified-link-444013-i9/global/forwardingRules/frontend",
            "ip_address": "34.8.66.70",
            "ip_protocol": "TCP",
            "ip_version": "",
            "label_fingerprint": "42WmSpB8rSM=",
            "labels": {},
            "load_balancing_scheme": "EXTERNAL_MANAGED",
            "metadata_filters": [],
            "name": "frontend",
            "network": "",
            "no_automate_dns_zone": null,
            "port_range": "80-80",
            "project": "modified-link-444013-i9",
            "psc_connection_id": "",
            "psc_connection_status": "",
            "self_link": "https://www.googleapis.com/compute/v1/projects/modified-link-444013-i9/global/forwardingRules/frontend",
            "service_directory_registrations": [],
            "source_ip_ranges": [],
            "subnetwork": "",
            "target": "https://www.googleapis.com/compute/v1/projects/modified-link-444013-i9/global/targetHttpProxies/cloud-run-dos-load-balancer-target-proxy",
            "terraform_labels": {},
            "timeouts": null
          },
          "sensitive_attributes": [],
          "private": "eyJlMmJmYjczMC1lY2FhLTExZTYtOGY4OC0zNDM2M2JjN2M0YzAiOnsiY3JlYXRlIjoxMjAwMDAwMDAwMDAwLCJkZWxldGUiOjEyMDAwMDAwMDAwMDAsInVwZGF0ZSI6MTIwMDAwMDAwMDAwMH19",
          "dependencies": [
            "module.load_balancer_n_cloud_armor.google_compute_backend_service.backend",
            "module.load_balancer_n_cloud_armor.google_compute_global_address.lb_global_ip",
            "module.load_balancer_n_cloud_armor.google_compute_region_network_endpoint_group.neg",
            "module.load_balancer_n_cloud_armor.google_compute_security_policy.default_security_policy",
            "module.load_balancer_n_cloud_armor.google_compute_target_http_proxy.http_proxy",
            "module.load_balancer_n_cloud_armor.google_compute_url_map.url_map"
          ]
        }
      ]
    },
    {
      "module": "module.load_balancer_n_cloud_armor",
      "mode": "managed",
      "type": "google_compute_region_network_endpoint_group",
      "name": "neg",
      "provider": "provider[\"registry.terraform.io/hashicorp/google\"]",
      "instances": [
        {
          "schema_version": 0,
          "attributes": {
            "app_engine": [],
            "cloud_function": [],
            "cloud_run": [
              {
                "service": "my-cloud-run-service",
                "tag": "",
                "url_mask": ""
              }
            ],
            "description": "",
            "id": "projects/modified-link-444013-i9/regions/europe-central2/networkEndpointGroups/neg",
            "name": "neg",
            "network": "",
            "network_endpoint_type": "SERVERLESS",
            "project": "modified-link-444013-i9",
            "psc_data": [],
            "psc_target_service": "",
            "region": "https://www.googleapis.com/compute/v1/projects/modified-link-444013-i9/regions/europe-central2",
            "self_link": "https://www.googleapis.com/compute/v1/projects/modified-link-444013-i9/regions/europe-central2/networkEndpointGroups/neg",
            "subnetwork": "",
            "timeouts": null
          },
          "sensitive_attributes": [],
          "private": "eyJlMmJmYjczMC1lY2FhLTExZTYtOGY4OC0zNDM2M2JjN2M0YzAiOnsiY3JlYXRlIjoxMjAwMDAwMDAwMDAwLCJkZWxldGUiOjEyMDAwMDAwMDAwMDB9fQ=="
        }
      ]
    },
    {
      "module": "module.load_balancer_n_cloud_armor",
      "mode": "managed",
      "type": "google_compute_security_policy",
      "name": "default_security_policy",
      "provider": "provider[\"registry.terraform.io/hashicorp/google\"]",
      "instances": [
        {
          "schema_version": 0,
          "attributes": {
            "adaptive_protection_config": [],
            "advanced_options_config": [],
            "description": "Default security policy for: backend",
            "fingerprint": "C4hbhNO-Dso=",
            "id": "projects/modified-link-444013-i9/global/securityPolicies/default-security-policy-for-backend-service-backend",
            "name": "default-security-policy-for-backend-service-backend",
            "project": "modified-link-444013-i9",
            "recaptcha_options_config": [],
            "rule": [
              {
                "action": "allow",
                "description": "",
                "header_action": [],
                "match": [
                  {
                    "config": [
                      {
                        "src_ip_ranges": [
                          "*"
                        ]
                      }
                    ],
                    "expr": [],
                    "expr_options": [],
                    "versioned_expr": "SRC_IPS_V1"
                  }
                ],
                "preconfigured_waf_config": [],
                "preview": false,
                "priority": 2147483647,
                "rate_limit_options": [],
                "redirect_options": []
              },
              {
                "action": "throttle",
                "description": "Default rate limiting rule",
                "header_action": [],
                "match": [
                  {
                    "config": [
                      {
                        "src_ip_ranges": [
                          "*"
                        ]
                      }
                    ],
                    "expr": [],
                    "expr_options": [],
                    "versioned_expr": "SRC_IPS_V1"
                  }
                ],
                "preconfigured_waf_config": [],
                "preview": false,
                "priority": 2147483646,
                "rate_limit_options": [
                  {
                    "ban_duration_sec": 0,
                    "ban_threshold": [],
                    "conform_action": "allow",
                    "enforce_on_key": "IP",
                    "enforce_on_key_name": "",
                    "exceed_action": "deny(403)",
                    "exceed_redirect_options": [],
                    "rate_limit_threshold": [
                      {
                        "count": 25,
                        "interval_sec": 60
                      }
                    ]
                  }
                ],
                "redirect_options": []
              }
            ],
            "self_link": "https://www.googleapis.com/compute/v1/projects/modified-link-444013-i9/global/securityPolicies/default-security-policy-for-backend-service-backend",
            "timeouts": null,
            "type": "CLOUD_ARMOR"
          },
          "sensitive_attributes": [],
          "private": "eyJlMmJmYjczMC1lY2FhLTExZTYtOGY4OC0zNDM2M2JjN2M0YzAiOnsiY3JlYXRlIjoxODAwMDAwMDAwMDAwLCJkZWxldGUiOjE4MDAwMDAwMDAwMDAsInVwZGF0ZSI6MTgwMDAwMDAwMDAwMH19"
        }
      ]
    },
    {
      "module": "module.load_balancer_n_cloud_armor",
      "mode": "managed",
      "type": "google_compute_target_http_proxy",
      "name": "http_proxy",
      "provider": "provider[\"registry.terraform.io/hashicorp/google\"]",
      "instances": [
        {
          "schema_version": 0,
          "attributes": {
            "creation_timestamp": "2024-12-13T05:05:35.559-08:00",
            "description": "",
            "http_keep_alive_timeout_sec": 0,
            "id": "projects/modified-link-444013-i9/global/targetHttpProxies/cloud-run-dos-load-balancer-target-proxy",
            "name": "cloud-run-dos-load-balancer-target-proxy",
            "project": "modified-link-444013-i9",
            "proxy_bind": false,
            "proxy_id": 2384276309228490736,
            "self_link": "https://www.googleapis.com/compute/v1/projects/modified-link-444013-i9/global/targetHttpProxies/cloud-run-dos-load-balancer-target-proxy",
            "timeouts": null,
            "url_map": "https://www.googleapis.com/compute/v1/projects/modified-link-444013-i9/global/urlMaps/cloud-run-dos-load-balancer"
          },
          "sensitive_attributes": [],
          "private": "eyJlMmJmYjczMC1lY2FhLTExZTYtOGY4OC0zNDM2M2JjN2M0YzAiOnsiY3JlYXRlIjoxMjAwMDAwMDAwMDAwLCJkZWxldGUiOjEyMDAwMDAwMDAwMDAsInVwZGF0ZSI6MTIwMDAwMDAwMDAwMH19",
          "dependencies": [
            "module.load_balancer_n_cloud_armor.google_compute_backend_service.backend",
            "module.load_balancer_n_cloud_armor.google_compute_region_network_endpoint_group.neg",
            "module.load_balancer_n_cloud_armor.google_compute_security_policy.default_security_policy",
            "module.load_balancer_n_cloud_armor.google_compute_url_map.url_map"
          ]
        }
      ]
    },
    {
      "module": "module.load_balancer_n_cloud_armor",
      "mode": "managed",
      "type": "google_compute_url_map",
      "name": "url_map",
      "provider": "provider[\"registry.terraform.io/hashicorp/google\"]",
      "instances": [
        {
          "schema_version": 0,
          "attributes": {
            "creation_timestamp": "2024-12-13T05:05:24.203-08:00",
            "default_route_action": [],
            "default_service": "https://www.googleapis.com/compute/v1/projects/modified-link-444013-i9/global/backendServices/backend",
            "default_url_redirect": [],
            "description": "",
            "fingerprint": "8ylDdFzFXG8=",
            "header_action": [],
            "host_rule": [],
            "id": "projects/modified-link-444013-i9/global/urlMaps/cloud-run-dos-load-balancer",
            "map_id": 5370669371963314172,
            "name": "cloud-run-dos-load-balancer",
            "path_matcher": [],
            "project": "modified-link-444013-i9",
            "self_link": "https://www.googleapis.com/compute/v1/projects/modified-link-444013-i9/global/urlMaps/cloud-run-dos-load-balancer",
            "test": [],
            "timeouts": null
          },
          "sensitive_attributes": [],
          "private": "eyJlMmJmYjczMC1lY2FhLTExZTYtOGY4OC0zNDM2M2JjN2M0YzAiOnsiY3JlYXRlIjoxMjAwMDAwMDAwMDAwLCJkZWxldGUiOjEyMDAwMDAwMDAwMDAsInVwZGF0ZSI6MTIwMDAwMDAwMDAwMH19",
          "dependencies": [
            "module.load_balancer_n_cloud_armor.google_compute_backend_service.backend",
            "module.load_balancer_n_cloud_armor.google_compute_region_network_endpoint_group.neg",
            "module.load_balancer_n_cloud_armor.google_compute_security_policy.default_security_policy"
          ]
        }
      ]
    }
  ],
  "check_results": null
}
